
Microsoft Visual Studio Solution File, Format Version 12.00
# Visual Studio Version 16
VisualStudioVersion = 16.0.36422.26
MinimumVisualStudioVersion = 10.0.40219.1
Project("{2150E333-8FDC-42A3-9474-1A3956D46DE8}") = "00.Framework", "00.Framework", "{C1EFC2AA-1A30-47D9-BF08-E9E4C2CC7D99}"
EndProject
Project("{2150E333-8FDC-42A3-9474-1A3956D46DE8}") = "01.ServiceCommon", "01.ServiceCommon", "{9F8DAE2F-9DE0-48F1-9A0A-F2A3FB04EB9D}"
EndProject
Project("{2150E333-8FDC-42A3-9474-1A3956D46DE8}") = "10.EUMC", "10.EUMC", "{CEACD70D-D2EA-47C0-9D87-5F37C840ADEE}"
EndProject
Project("{2150E333-8FDC-42A3-9474-1A3956D46DE8}") = "01.Client", "01.Client", "{4625B12B-A6A2-4072-9311-536AA9AF7531}"
EndProject
Project("{2150E333-8FDC-42A3-9474-1A3956D46DE8}") = "02.Server", "02.Server", "{F86C0625-5824-4B63-B0CC-C3B6F0688B4E}"
EndProject
Project("{2150E333-8FDC-42A3-9474-1A3956D46DE8}") = "30.Common", "30.Common", "{7ECE1AD0-449B-4BE5-9770-3BDCEFF8B641}"
EndProject
Project("{FAE04EC0-301F-11D3-BF4B-00C04F79EFBC}") = "Common", "..\Common\Common\Common.csproj", "{AE628B92-969A-4032-A07E-B4D0B7712189}"
EndProject
Project("{FAE04EC0-301F-11D3-BF4B-00C04F79EFBC}") = "UIControls", "..\Common\UIControls\UIControls.csproj", "{215EA93F-9187-450C-A41A-2B4D8979CC23}"
EndProject
Project("{FAE04EC0-301F-11D3-BF4B-00C04F79EFBC}") = "WinFormTV", "..\Common\WinFormTV\WinFormTV.csproj", "{24D4A82B-F487-4789-A5B0-C028010502C4}"
EndProject
Project("{FAE04EC0-301F-11D3-BF4B-00C04F79EFBC}") = "ClientUpdater", "..\Common\ClientUpdater\ClientUpdater.csproj", "{87A6704A-EE4E-4E7F-96E6-E7F3BC46BDB5}"
EndProject
Project("{2150E333-8FDC-42A3-9474-1A3956D46DE8}") = "0.Networks", "0.Networks", "{5309A171-2CB0-4171-95F4-55AD418391A4}"
EndProject
Project("{2150E333-8FDC-42A3-9474-1A3956D46DE8}") = "1.DataSource", "1.DataSource", "{E86F7C13-B6BD-4635-AF19-5E3C0784F393}"
EndProject
Project("{FAE04EC0-301F-11D3-BF4B-00C04F79EFBC}") = "Framework.DataSource", "..\Framework\DataSource\Framework.DataSource\Framework.DataSource.csproj", "{9D1F4A9A-1628-4486-95A6-10CC99D33792}"
EndProject
Project("{FAE04EC0-301F-11D3-BF4B-00C04F79EFBC}") = "Framework.Network", "..\Framework\Networks\Network\Framework.Network.csproj", "{3418FE83-44A1-4031-AF6D-E15D069B853C}"
EndProject
Project("{FAE04EC0-301F-11D3-BF4B-00C04F79EFBC}") = "Framework.Network.HTTP", "..\Framework\Networks\Network.HTTP\Framework.Network.HTTP.csproj", "{4736F7D8-3E92-4A03-B46A-0065A1D96C1F}"
EndProject
Project("{FAE04EC0-301F-11D3-BF4B-00C04F79EFBC}") = "Framework.Network.TCP", "..\Framework\Networks\Network.TCP\Framework.Network.TCP.csproj", "{871D3A9E-E05E-4263-BA26-78CC7F56C6E0}"
EndProject
Project("{2150E333-8FDC-42A3-9474-1A3956D46DE8}") = "00.Common", "00.Common", "{4AF99813-12AF-4F0A-B0C9-71F4AD246213}"
EndProject
Project("{2150E333-8FDC-42A3-9474-1A3956D46DE8}") = "01.Client", "01.Client", "{BA8C1C34-49E6-4CEE-A7A4-90CAC3E45A4A}"
EndProject
Project("{2150E333-8FDC-42A3-9474-1A3956D46DE8}") = "02.Server", "02.Server", "{747DC230-9E83-4346-975D-F9EAA5C33EA7}"
EndProject
Project("{FAE04EC0-301F-11D3-BF4B-00C04F79EFBC}") = "ServiceCommon", "..\ServiceCommon\ServiceCommon\ServiceCommon.csproj", "{1F35525C-5141-4E42-B692-55246A179D95}"
EndProject
Project("{FAE04EC0-301F-11D3-BF4B-00C04F79EFBC}") = "ServiceCommon.ServerServices", "..\ServiceCommon\ServiceCommon.ServerServices\ServiceCommon.ServerServices.csproj", "{5DD517ED-9ACD-45C6-B436-BEF5B9B85B1B}"
EndProject
Project("{FAE04EC0-301F-11D3-BF4B-00C04F79EFBC}") = "ServiceCommon.HospitalService", "..\ServiceCommon\ServiceCommon.HospitalService\ServiceCommon.HospitalService.csproj", "{9E83FD59-7145-454E-826E-294058297CD3}"
EndProject
Project("{FAE04EC0-301F-11D3-BF4B-00C04F79EFBC}") = "EUMC.HospitalService", "Server\EUMC.HospitalService\EUMC.HospitalService.csproj", "{6098BECB-3B95-4CB7-B8AE-5BD1571B8FDE}"
EndProject
Project("{FAE04EC0-301F-11D3-BF4B-00C04F79EFBC}") = "EUMC.ServerServices", "Server\EUMC.ServerServices\EUMC.ServerServices.csproj", "{37C99D14-AFDD-42D9-B1DA-BC00C7D13897}"
EndProject
Project("{FAE04EC0-301F-11D3-BF4B-00C04F79EFBC}") = "EUMC.Seoul.Server", "Server\EUMC.Server\EUMC.Seoul.Server.csproj", "{50333511-C171-4C8D-8591-CB5D34ACF3B4}"
EndProject
Global
	GlobalSection(SolutionConfigurationPlatforms) = preSolution
		Debug|Any CPU = Debug|Any CPU
		Release|Any CPU = Release|Any CPU
	EndGlobalSection
	GlobalSection(ProjectConfigurationPlatforms) = postSolution
		{AE628B92-969A-4032-A07E-B4D0B7712189}.Debug|Any CPU.ActiveCfg = Debug|Any CPU
		{AE628B92-969A-4032-A07E-B4D0B7712189}.Debug|Any CPU.Build.0 = Debug|Any CPU
		{AE628B92-969A-4032-A07E-B4D0B7712189}.Release|Any CPU.ActiveCfg = Release|Any CPU
		{AE628B92-969A-4032-A07E-B4D0B7712189}.Release|Any CPU.Build.0 = Release|Any CPU
		{215EA93F-9187-450C-A41A-2B4D8979CC23}.Debug|Any CPU.ActiveCfg = Debug|Any CPU
		{215EA93F-9187-450C-A41A-2B4D8979CC23}.Debug|Any CPU.Build.0 = Debug|Any CPU
		{215EA93F-9187-450C-A41A-2B4D8979CC23}.Release|Any CPU.ActiveCfg = Release|Any CPU
		{215EA93F-9187-450C-A41A-2B4D8979CC23}.Release|Any CPU.Build.0 = Release|Any CPU
		{24D4A82B-F487-4789-A5B0-C028010502C4}.Debug|Any CPU.ActiveCfg = Debug|Any CPU
		{24D4A82B-F487-4789-A5B0-C028010502C4}.Debug|Any CPU.Build.0 = Debug|Any CPU
		{24D4A82B-F487-4789-A5B0-C028010502C4}.Release|Any CPU.ActiveCfg = Release|Any CPU
		{24D4A82B-F487-4789-A5B0-C028010502C4}.Release|Any CPU.Build.0 = Release|Any CPU
		{87A6704A-EE4E-4E7F-96E6-E7F3BC46BDB5}.Debug|Any CPU.ActiveCfg = Debug|Any CPU
		{87A6704A-EE4E-4E7F-96E6-E7F3BC46BDB5}.Debug|Any CPU.Build.0 = Debug|Any CPU
		{87A6704A-EE4E-4E7F-96E6-E7F3BC46BDB5}.Release|Any CPU.ActiveCfg = Release|Any CPU
		{87A6704A-EE4E-4E7F-96E6-E7F3BC46BDB5}.Release|Any CPU.Build.0 = Release|Any CPU
		{9D1F4A9A-1628-4486-95A6-10CC99D33792}.Debug|Any CPU.ActiveCfg = Debug|Any CPU
		{9D1F4A9A-1628-4486-95A6-10CC99D33792}.Debug|Any CPU.Build.0 = Debug|Any CPU
		{9D1F4A9A-1628-4486-95A6-10CC99D33792}.Release|Any CPU.ActiveCfg = Release|Any CPU
		{9D1F4A9A-1628-4486-95A6-10CC99D33792}.Release|Any CPU.Build.0 = Release|Any CPU
		{3418FE83-44A1-4031-AF6D-E15D069B853C}.Debug|Any CPU.ActiveCfg = Debug|Any CPU
		{3418FE83-44A1-4031-AF6D-E15D069B853C}.Debug|Any CPU.Build.0 = Debug|Any CPU
		{3418FE83-44A1-4031-AF6D-E15D069B853C}.Release|Any CPU.ActiveCfg = Release|Any CPU
		{3418FE83-44A1-4031-AF6D-E15D069B853C}.Release|Any CPU.Build.0 = Release|Any CPU
		{4736F7D8-3E92-4A03-B46A-0065A1D96C1F}.Debug|Any CPU.ActiveCfg = Debug|Any CPU
		{4736F7D8-3E92-4A03-B46A-0065A1D96C1F}.Debug|Any CPU.Build.0 = Debug|Any CPU
		{4736F7D8-3E92-4A03-B46A-0065A1D96C1F}.Release|Any CPU.ActiveCfg = Release|Any CPU
		{4736F7D8-3E92-4A03-B46A-0065A1D96C1F}.Release|Any CPU.Build.0 = Release|Any CPU
		{871D3A9E-E05E-4263-BA26-78CC7F56C6E0}.Debug|Any CPU.ActiveCfg = Debug|Any CPU
		{871D3A9E-E05E-4263-BA26-78CC7F56C6E0}.Debug|Any CPU.Build.0 = Debug|Any CPU
		{871D3A9E-E05E-4263-BA26-78CC7F56C6E0}.Release|Any CPU.ActiveCfg = Release|Any CPU
		{871D3A9E-E05E-4263-BA26-78CC7F56C6E0}.Release|Any CPU.Build.0 = Release|Any CPU
		{1F35525C-5141-4E42-B692-55246A179D95}.Debug|Any CPU.ActiveCfg = Debug|Any CPU
		{1F35525C-5141-4E42-B692-55246A179D95}.Debug|Any CPU.Build.0 = Debug|Any CPU
		{1F35525C-5141-4E42-B692-55246A179D95}.Release|Any CPU.ActiveCfg = Release|Any CPU
		{1F35525C-5141-4E42-B692-55246A179D95}.Release|Any CPU.Build.0 = Release|Any CPU
		{5DD517ED-9ACD-45C6-B436-BEF5B9B85B1B}.Debug|Any CPU.ActiveCfg = Debug|Any CPU
		{5DD517ED-9ACD-45C6-B436-BEF5B9B85B1B}.Debug|Any CPU.Build.0 = Debug|Any CPU
		{5DD517ED-9ACD-45C6-B436-BEF5B9B85B1B}.Release|Any CPU.ActiveCfg = Release|Any CPU
		{5DD517ED-9ACD-45C6-B436-BEF5B9B85B1B}.Release|Any CPU.Build.0 = Release|Any CPU
		{9E83FD59-7145-454E-826E-294058297CD3}.Debug|Any CPU.ActiveCfg = Debug|Any CPU
		{9E83FD59-7145-454E-826E-294058297CD3}.Debug|Any CPU.Build.0 = Debug|Any CPU
		{9E83FD59-7145-454E-826E-294058297CD3}.Release|Any CPU.ActiveCfg = Release|Any CPU
		{9E83FD59-7145-454E-826E-294058297CD3}.Release|Any CPU.Build.0 = Release|Any CPU
		{6098BECB-3B95-4CB7-B8AE-5BD1571B8FDE}.Debug|Any CPU.ActiveCfg = Debug|Any CPU
		{6098BECB-3B95-4CB7-B8AE-5BD1571B8FDE}.Debug|Any CPU.Build.0 = Debug|Any CPU
		{6098BECB-3B95-4CB7-B8AE-5BD1571B8FDE}.Release|Any CPU.ActiveCfg = Release|Any CPU
		{6098BECB-3B95-4CB7-B8AE-5BD1571B8FDE}.Release|Any CPU.Build.0 = Release|Any CPU
		{37C99D14-AFDD-42D9-B1DA-BC00C7D13897}.Debug|Any CPU.ActiveCfg = Debug|Any CPU
		{37C99D14-AFDD-42D9-B1DA-BC00C7D13897}.Debug|Any CPU.Build.0 = Debug|Any CPU
		{37C99D14-AFDD-42D9-B1DA-BC00C7D13897}.Release|Any CPU.ActiveCfg = Release|Any CPU
		{37C99D14-AFDD-42D9-B1DA-BC00C7D13897}.Release|Any CPU.Build.0 = Release|Any CPU
		{50333511-C171-4C8D-8591-CB5D34ACF3B4}.Debug|Any CPU.ActiveCfg = Debug|Any CPU
		{50333511-C171-4C8D-8591-CB5D34ACF3B4}.Debug|Any CPU.Build.0 = Debug|Any CPU
		{50333511-C171-4C8D-8591-CB5D34ACF3B4}.Release|Any CPU.ActiveCfg = Release|Any CPU
		{50333511-C171-4C8D-8591-CB5D34ACF3B4}.Release|Any CPU.Build.0 = Release|Any CPU
	EndGlobalSection
	GlobalSection(SolutionProperties) = preSolution
		HideSolutionNode = FALSE
	EndGlobalSection
	GlobalSection(NestedProjects) = preSolution
		{4625B12B-A6A2-4072-9311-536AA9AF7531} = {CEACD70D-D2EA-47C0-9D87-5F37C840ADEE}
		{F86C0625-5824-4B63-B0CC-C3B6F0688B4E} = {CEACD70D-D2EA-47C0-9D87-5F37C840ADEE}
		{AE628B92-969A-4032-A07E-B4D0B7712189} = {7ECE1AD0-449B-4BE5-9770-3BDCEFF8B641}
		{215EA93F-9187-450C-A41A-2B4D8979CC23} = {7ECE1AD0-449B-4BE5-9770-3BDCEFF8B641}
		{24D4A82B-F487-4789-A5B0-C028010502C4} = {7ECE1AD0-449B-4BE5-9770-3BDCEFF8B641}
		{87A6704A-EE4E-4E7F-96E6-E7F3BC46BDB5} = {7ECE1AD0-449B-4BE5-9770-3BDCEFF8B641}
		{5309A171-2CB0-4171-95F4-55AD418391A4} = {C1EFC2AA-1A30-47D9-BF08-E9E4C2CC7D99}
		{E86F7C13-B6BD-4635-AF19-5E3C0784F393} = {C1EFC2AA-1A30-47D9-BF08-E9E4C2CC7D99}
		{9D1F4A9A-1628-4486-95A6-10CC99D33792} = {E86F7C13-B6BD-4635-AF19-5E3C0784F393}
		{3418FE83-44A1-4031-AF6D-E15D069B853C} = {5309A171-2CB0-4171-95F4-55AD418391A4}
		{4736F7D8-3E92-4A03-B46A-0065A1D96C1F} = {5309A171-2CB0-4171-95F4-55AD418391A4}
		{871D3A9E-E05E-4263-BA26-78CC7F56C6E0} = {5309A171-2CB0-4171-95F4-55AD418391A4}
		{4AF99813-12AF-4F0A-B0C9-71F4AD246213} = {9F8DAE2F-9DE0-48F1-9A0A-F2A3FB04EB9D}
		{BA8C1C34-49E6-4CEE-A7A4-90CAC3E45A4A} = {9F8DAE2F-9DE0-48F1-9A0A-F2A3FB04EB9D}
		{747DC230-9E83-4346-975D-F9EAA5C33EA7} = {9F8DAE2F-9DE0-48F1-9A0A-F2A3FB04EB9D}
		{1F35525C-5141-4E42-B692-55246A179D95} = {4AF99813-12AF-4F0A-B0C9-71F4AD246213}
		{5DD517ED-9ACD-45C6-B436-BEF5B9B85B1B} = {747DC230-9E83-4346-975D-F9EAA5C33EA7}
		{9E83FD59-7145-454E-826E-294058297CD3} = {747DC230-9E83-4346-975D-F9EAA5C33EA7}
		{6098BECB-3B95-4CB7-B8AE-5BD1571B8FDE} = {F86C0625-5824-4B63-B0CC-C3B6F0688B4E}
		{37C99D14-AFDD-42D9-B1DA-BC00C7D13897} = {F86C0625-5824-4B63-B0CC-C3B6F0688B4E}
		{50333511-C171-4C8D-8591-CB5D34ACF3B4} = {F86C0625-5824-4B63-B0CC-C3B6F0688B4E}
	EndGlobalSection
	GlobalSection(ExtensibilityGlobals) = postSolution
		SolutionGuid = {EE95260B-B966-47A8-8143-10EB1B990B47}
	EndGlobalSection
EndGlobal
