
Microsoft Visual Studio Solution File, Format Version 12.00
# Visual Studio Version 16
VisualStudioVersion = 16.0.36422.26
MinimumVisualStudioVersion = 10.0.40219.1
Project("{2150E333-8FDC-42A3-9474-1A3956D46DE8}") = "01.ServiceCommon", "01.ServiceCommon", "{00FE6CF8-9FF7-4CDD-A742-1408883A82DA}"
EndProject
Project("{FAE04EC0-301F-11D3-BF4B-00C04F79EFBC}") = "ServiceCommon.ClientServices", "ServiceCommon.ClientServices\ServiceCommon.ClientServices.csproj", "{CF588FD4-F09E-44F8-884B-B7CBD30A3C1B}"
EndProject
Project("{FAE04EC0-301F-11D3-BF4B-00C04F79EFBC}") = "ServiceCommon", "ServiceCommon\ServiceCommon.csproj", "{1F35525C-5141-4E42-B692-55246A179D95}"
EndProject
Project("{FAE04EC0-301F-11D3-BF4B-00C04F79EFBC}") = "ServiceCommon.HospitalService", "ServiceCommon.HospitalService\ServiceCommon.HospitalService.csproj", "{9E83FD59-7145-454E-826E-294058297CD3}"
EndProject
Project("{FAE04EC0-301F-11D3-BF4B-00C04F79EFBC}") = "ServiceCommon.ServerServices", "ServiceCommon.ServerServices\ServiceCommon.ServerServices.csproj", "{5DD517ED-9ACD-45C6-B436-BEF5B9B85B1B}"
EndProject
Project("{FAE04EC0-301F-11D3-BF4B-00C04F79EFBC}") = "ServiceCommon.TicketService", "ServiceCommon.TicketService\ServiceCommon.TicketService.csproj", "{524328C4-466F-4CA2-98D9-DCE4FC31CEA2}"
EndProject
Project("{FAE04EC0-301F-11D3-BF4B-00C04F79EFBC}") = "ServiceCommon.MessagingService", "ServiceCommon.MessagingService\ServiceCommon.MessagingService.csproj", "{95296EF1-3F24-46C5-9C2A-3A23AFE22437}"
EndProject
Project("{2150E333-8FDC-42A3-9474-1A3956D46DE8}") = "30.Common", "30.Common", "{69ABEBC2-A821-4721-95DF-07886F67AAEF}"
EndProject
Project("{FAE04EC0-301F-11D3-BF4B-00C04F79EFBC}") = "Common", "..\Common\Common\Common.csproj", "{AE628B92-969A-4032-A07E-B4D0B7712189}"
EndProject
Project("{2150E333-8FDC-42A3-9474-1A3956D46DE8}") = "00.Framework", "00.Framework", "{4C715876-0201-48D2-8ACF-ADAA7FD711C9}"
EndProject
Project("{2150E333-8FDC-42A3-9474-1A3956D46DE8}") = "Networks", "Networks", "{816F41DB-1C9E-4A6A-AE41-B238B8ABD567}"
EndProject
Project("{FAE04EC0-301F-11D3-BF4B-00C04F79EFBC}") = "Framework.Network", "..\Framework\Networks\Network\Framework.Network.csproj", "{3418FE83-44A1-4031-AF6D-E15D069B853C}"
EndProject
Project("{FAE04EC0-301F-11D3-BF4B-00C04F79EFBC}") = "Framework.Network.HTTP", "..\Framework\Networks\Network.HTTP\Framework.Network.HTTP.csproj", "{4736F7D8-3E92-4A03-B46A-0065A1D96C1F}"
EndProject
Project("{FAE04EC0-301F-11D3-BF4B-00C04F79EFBC}") = "Framework.Network.TCP", "..\Framework\Networks\Network.TCP\Framework.Network.TCP.csproj", "{871D3A9E-E05E-4263-BA26-78CC7F56C6E0}"
EndProject
Project("{2150E333-8FDC-42A3-9474-1A3956D46DE8}") = "DataSource", "DataSource", "{3861BC11-9834-4B49-85AA-D14F1ED8555B}"
EndProject
Project("{FAE04EC0-301F-11D3-BF4B-00C04F79EFBC}") = "Framework.DataSource", "..\Framework\DataSource\Framework.DataSource\Framework.DataSource.csproj", "{9D1F4A9A-1628-4486-95A6-10CC99D33792}"
EndProject
Global
	GlobalSection(SolutionConfigurationPlatforms) = preSolution
		Debug|Any CPU = Debug|Any CPU
		Release|Any CPU = Release|Any CPU
	EndGlobalSection
	GlobalSection(ProjectConfigurationPlatforms) = postSolution
		{CF588FD4-F09E-44F8-884B-B7CBD30A3C1B}.Debug|Any CPU.ActiveCfg = Debug|Any CPU
		{CF588FD4-F09E-44F8-884B-B7CBD30A3C1B}.Debug|Any CPU.Build.0 = Debug|Any CPU
		{CF588FD4-F09E-44F8-884B-B7CBD30A3C1B}.Release|Any CPU.ActiveCfg = Release|Any CPU
		{CF588FD4-F09E-44F8-884B-B7CBD30A3C1B}.Release|Any CPU.Build.0 = Release|Any CPU
		{1F35525C-5141-4E42-B692-55246A179D95}.Debug|Any CPU.ActiveCfg = Debug|Any CPU
		{1F35525C-5141-4E42-B692-55246A179D95}.Debug|Any CPU.Build.0 = Debug|Any CPU
		{1F35525C-5141-4E42-B692-55246A179D95}.Release|Any CPU.ActiveCfg = Release|Any CPU
		{1F35525C-5141-4E42-B692-55246A179D95}.Release|Any CPU.Build.0 = Release|Any CPU
		{9E83FD59-7145-454E-826E-294058297CD3}.Debug|Any CPU.ActiveCfg = Debug|Any CPU
		{9E83FD59-7145-454E-826E-294058297CD3}.Debug|Any CPU.Build.0 = Debug|Any CPU
		{9E83FD59-7145-454E-826E-294058297CD3}.Release|Any CPU.ActiveCfg = Release|Any CPU
		{9E83FD59-7145-454E-826E-294058297CD3}.Release|Any CPU.Build.0 = Release|Any CPU
		{5DD517ED-9ACD-45C6-B436-BEF5B9B85B1B}.Debug|Any CPU.ActiveCfg = Debug|Any CPU
		{5DD517ED-9ACD-45C6-B436-BEF5B9B85B1B}.Debug|Any CPU.Build.0 = Debug|Any CPU
		{5DD517ED-9ACD-45C6-B436-BEF5B9B85B1B}.Release|Any CPU.ActiveCfg = Release|Any CPU
		{5DD517ED-9ACD-45C6-B436-BEF5B9B85B1B}.Release|Any CPU.Build.0 = Release|Any CPU
		{524328C4-466F-4CA2-98D9-DCE4FC31CEA2}.Debug|Any CPU.ActiveCfg = Debug|Any CPU
		{524328C4-466F-4CA2-98D9-DCE4FC31CEA2}.Debug|Any CPU.Build.0 = Debug|Any CPU
		{524328C4-466F-4CA2-98D9-DCE4FC31CEA2}.Release|Any CPU.ActiveCfg = Release|Any CPU
		{524328C4-466F-4CA2-98D9-DCE4FC31CEA2}.Release|Any CPU.Build.0 = Release|Any CPU
		{95296EF1-3F24-46C5-9C2A-3A23AFE22437}.Debug|Any CPU.ActiveCfg = Debug|Any CPU
		{95296EF1-3F24-46C5-9C2A-3A23AFE22437}.Debug|Any CPU.Build.0 = Debug|Any CPU
		{95296EF1-3F24-46C5-9C2A-3A23AFE22437}.Release|Any CPU.ActiveCfg = Release|Any CPU
		{95296EF1-3F24-46C5-9C2A-3A23AFE22437}.Release|Any CPU.Build.0 = Release|Any CPU
		{AE628B92-969A-4032-A07E-B4D0B7712189}.Debug|Any CPU.ActiveCfg = Debug|Any CPU
		{AE628B92-969A-4032-A07E-B4D0B7712189}.Debug|Any CPU.Build.0 = Debug|Any CPU
		{AE628B92-969A-4032-A07E-B4D0B7712189}.Release|Any CPU.ActiveCfg = Release|Any CPU
		{AE628B92-969A-4032-A07E-B4D0B7712189}.Release|Any CPU.Build.0 = Release|Any CPU
		{3418FE83-44A1-4031-AF6D-E15D069B853C}.Debug|Any CPU.ActiveCfg = Debug|Any CPU
		{3418FE83-44A1-4031-AF6D-E15D069B853C}.Debug|Any CPU.Build.0 = Debug|Any CPU
		{3418FE83-44A1-4031-AF6D-E15D069B853C}.Release|Any CPU.ActiveCfg = Release|Any CPU
		{3418FE83-44A1-4031-AF6D-E15D069B853C}.Release|Any CPU.Build.0 = Release|Any CPU
		{4736F7D8-3E92-4A03-B46A-0065A1D96C1F}.Debug|Any CPU.ActiveCfg = Debug|Any CPU
		{4736F7D8-3E92-4A03-B46A-0065A1D96C1F}.Debug|Any CPU.Build.0 = Debug|Any CPU
		{4736F7D8-3E92-4A03-B46A-0065A1D96C1F}.Release|Any CPU.ActiveCfg = Release|Any CPU
		{4736F7D8-3E92-4A03-B46A-0065A1D96C1F}.Release|Any CPU.Build.0 = Release|Any CPU
		{871D3A9E-E05E-4263-BA26-78CC7F56C6E0}.Debug|Any CPU.ActiveCfg = Debug|Any CPU
		{871D3A9E-E05E-4263-BA26-78CC7F56C6E0}.Debug|Any CPU.Build.0 = Debug|Any CPU
		{871D3A9E-E05E-4263-BA26-78CC7F56C6E0}.Release|Any CPU.ActiveCfg = Release|Any CPU
		{871D3A9E-E05E-4263-BA26-78CC7F56C6E0}.Release|Any CPU.Build.0 = Release|Any CPU
		{9D1F4A9A-1628-4486-95A6-10CC99D33792}.Debug|Any CPU.ActiveCfg = Debug|Any CPU
		{9D1F4A9A-1628-4486-95A6-10CC99D33792}.Debug|Any CPU.Build.0 = Debug|Any CPU
		{9D1F4A9A-1628-4486-95A6-10CC99D33792}.Release|Any CPU.ActiveCfg = Release|Any CPU
		{9D1F4A9A-1628-4486-95A6-10CC99D33792}.Release|Any CPU.Build.0 = Release|Any CPU
	EndGlobalSection
	GlobalSection(SolutionProperties) = preSolution
		HideSolutionNode = FALSE
	EndGlobalSection
	GlobalSection(NestedProjects) = preSolution
		{CF588FD4-F09E-44F8-884B-B7CBD30A3C1B} = {00FE6CF8-9FF7-4CDD-A742-1408883A82DA}
		{1F35525C-5141-4E42-B692-55246A179D95} = {00FE6CF8-9FF7-4CDD-A742-1408883A82DA}
		{9E83FD59-7145-454E-826E-294058297CD3} = {00FE6CF8-9FF7-4CDD-A742-1408883A82DA}
		{5DD517ED-9ACD-45C6-B436-BEF5B9B85B1B} = {00FE6CF8-9FF7-4CDD-A742-1408883A82DA}
		{524328C4-466F-4CA2-98D9-DCE4FC31CEA2} = {00FE6CF8-9FF7-4CDD-A742-1408883A82DA}
		{95296EF1-3F24-46C5-9C2A-3A23AFE22437} = {00FE6CF8-9FF7-4CDD-A742-1408883A82DA}
		{AE628B92-969A-4032-A07E-B4D0B7712189} = {69ABEBC2-A821-4721-95DF-07886F67AAEF}
		{816F41DB-1C9E-4A6A-AE41-B238B8ABD567} = {4C715876-0201-48D2-8ACF-ADAA7FD711C9}
		{3418FE83-44A1-4031-AF6D-E15D069B853C} = {816F41DB-1C9E-4A6A-AE41-B238B8ABD567}
		{4736F7D8-3E92-4A03-B46A-0065A1D96C1F} = {816F41DB-1C9E-4A6A-AE41-B238B8ABD567}
		{871D3A9E-E05E-4263-BA26-78CC7F56C6E0} = {816F41DB-1C9E-4A6A-AE41-B238B8ABD567}
		{3861BC11-9834-4B49-85AA-D14F1ED8555B} = {4C715876-0201-48D2-8ACF-ADAA7FD711C9}
		{9D1F4A9A-1628-4486-95A6-10CC99D33792} = {3861BC11-9834-4B49-85AA-D14F1ED8555B}
	EndGlobalSection
	GlobalSection(ExtensibilityGlobals) = postSolution
		SolutionGuid = {EE95260B-B966-47A8-8143-10EB1B990B47}
	EndGlobalSection
EndGlobal
