
Microsoft Visual Studio Solution File, Format Version 12.00
# Visual Studio Version 16
VisualStudioVersion = 16.0.36422.26
MinimumVisualStudioVersion = 10.0.40219.1
Project("{FAE04EC0-301F-11D3-BF4B-00C04F79EFBC}") = "Common", "Common\Common.csproj", "{AE628B92-969A-4032-A07E-B4D0B7712189}"
EndProject
Project("{FAE04EC0-301F-11D3-BF4B-00C04F79EFBC}") = "UIControls", "UIControls\UIControls.csproj", "{215EA93F-9187-450C-A41A-2B4D8979CC23}"
EndProject
Project("{FAE04EC0-301F-11D3-BF4B-00C04F79EFBC}") = "WinFormTV", "WinFormTV\WinFormTV.csproj", "{24D4A82B-F487-4789-A5B0-C028010502C4}"
EndProject
Project("{FAE04EC0-301F-11D3-BF4B-00C04F79EFBC}") = "ClientUpdater", "ClientUpdater\ClientUpdater.csproj", "{87A6704A-EE4E-4E7F-96E6-E7F3BC46BDB5}"
EndProject
Global
	GlobalSection(SolutionConfigurationPlatforms) = preSolution
		Debug|Any CPU = Debug|Any CPU
		Release|Any CPU = Release|Any CPU
	EndGlobalSection
	GlobalSection(ProjectConfigurationPlatforms) = postSolution
		{AE628B92-969A-4032-A07E-B4D0B7712189}.Debug|Any CPU.ActiveCfg = Debug|Any CPU
		{AE628B92-969A-4032-A07E-B4D0B7712189}.Debug|Any CPU.Build.0 = Debug|Any CPU
		{AE628B92-969A-4032-A07E-B4D0B7712189}.Release|Any CPU.ActiveCfg = Release|Any CPU
		{AE628B92-969A-4032-A07E-B4D0B7712189}.Release|Any CPU.Build.0 = Release|Any CPU
		{215EA93F-9187-450C-A41A-2B4D8979CC23}.Debug|Any CPU.ActiveCfg = Debug|Any CPU
		{215EA93F-9187-450C-A41A-2B4D8979CC23}.Debug|Any CPU.Build.0 = Debug|Any CPU
		{215EA93F-9187-450C-A41A-2B4D8979CC23}.Release|Any CPU.ActiveCfg = Release|Any CPU
		{215EA93F-9187-450C-A41A-2B4D8979CC23}.Release|Any CPU.Build.0 = Release|Any CPU
		{24D4A82B-F487-4789-A5B0-C028010502C4}.Debug|Any CPU.ActiveCfg = Debug|Any CPU
		{24D4A82B-F487-4789-A5B0-C028010502C4}.Debug|Any CPU.Build.0 = Debug|Any CPU
		{24D4A82B-F487-4789-A5B0-C028010502C4}.Release|Any CPU.ActiveCfg = Release|Any CPU
		{24D4A82B-F487-4789-A5B0-C028010502C4}.Release|Any CPU.Build.0 = Release|Any CPU
		{87A6704A-EE4E-4E7F-96E6-E7F3BC46BDB5}.Debug|Any CPU.ActiveCfg = Debug|Any CPU
		{87A6704A-EE4E-4E7F-96E6-E7F3BC46BDB5}.Debug|Any CPU.Build.0 = Debug|Any CPU
		{87A6704A-EE4E-4E7F-96E6-E7F3BC46BDB5}.Release|Any CPU.ActiveCfg = Release|Any CPU
		{87A6704A-EE4E-4E7F-96E6-E7F3BC46BDB5}.Release|Any CPU.Build.0 = Release|Any CPU
	EndGlobalSection
	GlobalSection(SolutionProperties) = preSolution
		HideSolutionNode = FALSE
	EndGlobalSection
	GlobalSection(ExtensibilityGlobals) = postSolution
		SolutionGuid = {EE95260B-B966-47A8-8143-10EB1B990B47}
	EndGlobalSection
EndGlobal
